
Microsoft Visual Studio Solution File, Format Version 12.00
# Visual Studio Version 17
VisualStudioVersion = 17.2.32630.192
MinimumVisualStudioVersion = 10.0.40219.1
Project("{8BC9CEB8-8B4A-11D0-8D11-00A0C91BC942}") = "InfraredBrickTower", "InfraredBrickTower\InfraredBrickTower.vcxproj", "{549C3FAC-B8E5-493C-9429-6AC4B636C8B4}"
EndProject
Project("{8BC9CEB8-8B4A-11D0-8D11-00A0C91BC942}") = "InfraredBrickTowerDriverPackage", "InfraredBrickTowerDriverPackage\InfraredBrickTowerDriverPackage.vcxproj", "{DB8435A0-3751-4961-A9E5-7633B4767C08}"
EndProject
Project("{2150E333-8FDC-42A3-9474-1A3956D46DE8}") = "Solution Items", "Solution Items", "{C840DE05-B9E7-429D-AC23-CE3CC0E05F98}"
	ProjectSection(SolutionItems) = preProject
		LICENSE = LICENSE
		README.md = README.md
	EndProjectSection
EndProject
Project("{8BC9CEB8-8B4A-11D0-8D11-00A0C91BC942}") = "TowerLogic", "TowerLogic\TowerLogic.vcxproj", "{F861C0BE-C3A7-4AE8-82A3-0317CF07AFB8}"
EndProject
Project("{8BC9CEB8-8B4A-11D0-8D11-00A0C91BC942}") = "PBrickLogic", "PBrickLogic\PBrickLogic.vcxproj", "{322A372E-0BD7-4478-8A93-538D28566C4F}"
EndProject
Project("{8BC9CEB8-8B4A-11D0-8D11-00A0C91BC942}") = "VLLController", "VLLController\VLLController.vcxproj", "{7B1D11DD-1DA1-47F7-A5DB-3DD0E8F08CC0}"
EndProject
Global
	GlobalSection(SolutionConfigurationPlatforms) = preSolution
		Debug|ARM = Debug|ARM
		Debug|ARM64 = Debug|ARM64
		Debug|x64 = Debug|x64
		Debug|x86 = Debug|x86
		Release|ARM = Release|ARM
		Release|ARM64 = Release|ARM64
		Release|x64 = Release|x64
		Release|x86 = Release|x86
	EndGlobalSection
	GlobalSection(ProjectConfigurationPlatforms) = postSolution
		{549C3FAC-B8E5-493C-9429-6AC4B636C8B4}.Debug|ARM.ActiveCfg = Debug|ARM
		{549C3FAC-B8E5-493C-9429-6AC4B636C8B4}.Debug|ARM.Build.0 = Debug|ARM
		{549C3FAC-B8E5-493C-9429-6AC4B636C8B4}.Debug|ARM64.ActiveCfg = Debug|ARM64
		{549C3FAC-B8E5-493C-9429-6AC4B636C8B4}.Debug|ARM64.Build.0 = Debug|ARM64
		{549C3FAC-B8E5-493C-9429-6AC4B636C8B4}.Debug|x64.ActiveCfg = Debug|x64
		{549C3FAC-B8E5-493C-9429-6AC4B636C8B4}.Debug|x64.Build.0 = Debug|x64
		{549C3FAC-B8E5-493C-9429-6AC4B636C8B4}.Debug|x86.ActiveCfg = Debug|Win32
		{549C3FAC-B8E5-493C-9429-6AC4B636C8B4}.Debug|x86.Build.0 = Debug|Win32
		{549C3FAC-B8E5-493C-9429-6AC4B636C8B4}.Release|ARM.ActiveCfg = Release|ARM
		{549C3FAC-B8E5-493C-9429-6AC4B636C8B4}.Release|ARM.Build.0 = Release|ARM
		{549C3FAC-B8E5-493C-9429-6AC4B636C8B4}.Release|ARM64.ActiveCfg = Release|ARM64
		{549C3FAC-B8E5-493C-9429-6AC4B636C8B4}.Release|ARM64.Build.0 = Release|ARM64
		{549C3FAC-B8E5-493C-9429-6AC4B636C8B4}.Release|x64.ActiveCfg = Release|x64
		{549C3FAC-B8E5-493C-9429-6AC4B636C8B4}.Release|x64.Build.0 = Release|x64
		{549C3FAC-B8E5-493C-9429-6AC4B636C8B4}.Release|x86.ActiveCfg = Release|Win32
		{549C3FAC-B8E5-493C-9429-6AC4B636C8B4}.Release|x86.Build.0 = Release|Win32
		{DB8435A0-3751-4961-A9E5-7633B4767C08}.Debug|ARM.ActiveCfg = Debug|x64
		{DB8435A0-3751-4961-A9E5-7633B4767C08}.Debug|ARM.Build.0 = Debug|x64
		{DB8435A0-3751-4961-A9E5-7633B4767C08}.Debug|ARM.Deploy.0 = Debug|x64
		{DB8435A0-3751-4961-A9E5-7633B4767C08}.Debug|ARM64.ActiveCfg = Debug|ARM64
		{DB8435A0-3751-4961-A9E5-7633B4767C08}.Debug|ARM64.Build.0 = Debug|ARM64
		{DB8435A0-3751-4961-A9E5-7633B4767C08}.Debug|ARM64.Deploy.0 = Debug|ARM64
		{DB8435A0-3751-4961-A9E5-7633B4767C08}.Debug|x64.ActiveCfg = Debug|x64
		{DB8435A0-3751-4961-A9E5-7633B4767C08}.Debug|x64.Build.0 = Debug|x64
		{DB8435A0-3751-4961-A9E5-7633B4767C08}.Debug|x64.Deploy.0 = Debug|x64
		{DB8435A0-3751-4961-A9E5-7633B4767C08}.Debug|x86.ActiveCfg = Debug|x64
		{DB8435A0-3751-4961-A9E5-7633B4767C08}.Debug|x86.Build.0 = Debug|x64
		{DB8435A0-3751-4961-A9E5-7633B4767C08}.Debug|x86.Deploy.0 = Debug|x64
		{DB8435A0-3751-4961-A9E5-7633B4767C08}.Release|ARM.ActiveCfg = Release|x64
		{DB8435A0-3751-4961-A9E5-7633B4767C08}.Release|ARM.Build.0 = Release|x64
		{DB8435A0-3751-4961-A9E5-7633B4767C08}.Release|ARM.Deploy.0 = Release|x64
		{DB8435A0-3751-4961-A9E5-7633B4767C08}.Release|ARM64.ActiveCfg = Release|ARM64
		{DB8435A0-3751-4961-A9E5-7633B4767C08}.Release|ARM64.Build.0 = Release|ARM64
		{DB8435A0-3751-4961-A9E5-7633B4767C08}.Release|ARM64.Deploy.0 = Release|ARM64
		{DB8435A0-3751-4961-A9E5-7633B4767C08}.Release|x64.ActiveCfg = Release|x64
		{DB8435A0-3751-4961-A9E5-7633B4767C08}.Release|x64.Build.0 = Release|x64
		{DB8435A0-3751-4961-A9E5-7633B4767C08}.Release|x64.Deploy.0 = Release|x64
		{DB8435A0-3751-4961-A9E5-7633B4767C08}.Release|x86.ActiveCfg = Release|x64
		{DB8435A0-3751-4961-A9E5-7633B4767C08}.Release|x86.Build.0 = Release|x64
		{DB8435A0-3751-4961-A9E5-7633B4767C08}.Release|x86.Deploy.0 = Release|x64
		{F861C0BE-C3A7-4AE8-82A3-0317CF07AFB8}.Debug|ARM.ActiveCfg = Debug|x64
		{F861C0BE-C3A7-4AE8-82A3-0317CF07AFB8}.Debug|ARM.Build.0 = Debug|x64
		{F861C0BE-C3A7-4AE8-82A3-0317CF07AFB8}.Debug|ARM64.ActiveCfg = Debug|x64
		{F861C0BE-C3A7-4AE8-82A3-0317CF07AFB8}.Debug|ARM64.Build.0 = Debug|x64
		{F861C0BE-C3A7-4AE8-82A3-0317CF07AFB8}.Debug|x64.ActiveCfg = Debug|x64
		{F861C0BE-C3A7-4AE8-82A3-0317CF07AFB8}.Debug|x64.Build.0 = Debug|x64
		{F861C0BE-C3A7-4AE8-82A3-0317CF07AFB8}.Debug|x86.ActiveCfg = Debug|Win32
		{F861C0BE-C3A7-4AE8-82A3-0317CF07AFB8}.Debug|x86.Build.0 = Debug|Win32
		{F861C0BE-C3A7-4AE8-82A3-0317CF07AFB8}.Release|ARM.ActiveCfg = Release|x64
		{F861C0BE-C3A7-4AE8-82A3-0317CF07AFB8}.Release|ARM.Build.0 = Release|x64
		{F861C0BE-C3A7-4AE8-82A3-0317CF07AFB8}.Release|ARM64.ActiveCfg = Release|x64
		{F861C0BE-C3A7-4AE8-82A3-0317CF07AFB8}.Release|ARM64.Build.0 = Release|x64
		{F861C0BE-C3A7-4AE8-82A3-0317CF07AFB8}.Release|x64.ActiveCfg = Release|x64
		{F861C0BE-C3A7-4AE8-82A3-0317CF07AFB8}.Release|x64.Build.0 = Release|x64
		{F861C0BE-C3A7-4AE8-82A3-0317CF07AFB8}.Release|x86.ActiveCfg = Release|Win32
		{F861C0BE-C3A7-4AE8-82A3-0317CF07AFB8}.Release|x86.Build.0 = Release|Win32
		{322A372E-0BD7-4478-8A93-538D28566C4F}.Debug|ARM.ActiveCfg = Debug|x64
		{322A372E-0BD7-4478-8A93-538D28566C4F}.Debug|ARM.Build.0 = Debug|x64
		{322A372E-0BD7-4478-8A93-538D28566C4F}.Debug|ARM64.ActiveCfg = Debug|x64
		{322A372E-0BD7-4478-8A93-538D28566C4F}.Debug|ARM64.Build.0 = Debug|x64
		{322A372E-0BD7-4478-8A93-538D28566C4F}.Debug|x64.ActiveCfg = Debug|x64
		{322A372E-0BD7-4478-8A93-538D28566C4F}.Debug|x64.Build.0 = Debug|x64
		{322A372E-0BD7-4478-8A93-538D28566C4F}.Debug|x86.ActiveCfg = Debug|Win32
		{322A372E-0BD7-4478-8A93-538D28566C4F}.Debug|x86.Build.0 = Debug|Win32
		{322A372E-0BD7-4478-8A93-538D28566C4F}.Release|ARM.ActiveCfg = Release|x64
		{322A372E-0BD7-4478-8A93-538D28566C4F}.Release|ARM.Build.0 = Release|x64
		{322A372E-0BD7-4478-8A93-538D28566C4F}.Release|ARM64.ActiveCfg = Release|x64
		{322A372E-0BD7-4478-8A93-538D28566C4F}.Release|ARM64.Build.0 = Release|x64
		{322A372E-0BD7-4478-8A93-538D28566C4F}.Release|x64.ActiveCfg = Release|x64
		{322A372E-0BD7-4478-8A93-538D28566C4F}.Release|x64.Build.0 = Release|x64
		{322A372E-0BD7-4478-8A93-538D28566C4F}.Release|x86.ActiveCfg = Release|Win32
		{322A372E-0BD7-4478-8A93-538D28566C4F}.Release|x86.Build.0 = Release|Win32
		{7B1D11DD-1DA1-47F7-A5DB-3DD0E8F08CC0}.Debug|ARM.ActiveCfg = Debug|x64
		{7B1D11DD-1DA1-47F7-A5DB-3DD0E8F08CC0}.Debug|ARM.Build.0 = Debug|x64
		{7B1D11DD-1DA1-47F7-A5DB-3DD0E8F08CC0}.Debug|ARM64.ActiveCfg = Debug|x64
		{7B1D11DD-1DA1-47F7-A5DB-3DD0E8F08CC0}.Debug|ARM64.Build.0 = Debug|x64
		{7B1D11DD-1DA1-47F7-A5DB-3DD0E8F08CC0}.Debug|x64.ActiveCfg = Debug|x64
		{7B1D11DD-1DA1-47F7-A5DB-3DD0E8F08CC0}.Debug|x64.Build.0 = Debug|x64
		{7B1D11DD-1DA1-47F7-A5DB-3DD0E8F08CC0}.Debug|x86.ActiveCfg = Debug|Win32
		{7B1D11DD-1DA1-47F7-A5DB-3DD0E8F08CC0}.Debug|x86.Build.0 = Debug|Win32
		{7B1D11DD-1DA1-47F7-A5DB-3DD0E8F08CC0}.Release|ARM.ActiveCfg = Release|x64
		{7B1D11DD-1DA1-47F7-A5DB-3DD0E8F08CC0}.Release|ARM.Build.0 = Release|x64
		{7B1D11DD-1DA1-47F7-A5DB-3DD0E8F08CC0}.Release|ARM64.ActiveCfg = Release|x64
		{7B1D11DD-1DA1-47F7-A5DB-3DD0E8F08CC0}.Release|ARM64.Build.0 = Release|x64
		{7B1D11DD-1DA1-47F7-A5DB-3DD0E8F08CC0}.Release|x64.ActiveCfg = Release|x64
		{7B1D11DD-1DA1-47F7-A5DB-3DD0E8F08CC0}.Release|x64.Build.0 = Release|x64
		{7B1D11DD-1DA1-47F7-A5DB-3DD0E8F08CC0}.Release|x86.ActiveCfg = Release|Win32
		{7B1D11DD-1DA1-47F7-A5DB-3DD0E8F08CC0}.Release|x86.Build.0 = Release|Win32
	EndGlobalSection
	GlobalSection(SolutionProperties) = preSolution
		HideSolutionNode = FALSE
	EndGlobalSection
	GlobalSection(ExtensibilityGlobals) = postSolution
		SolutionGuid = {5624AD32-040A-41B4-87B2-6F1EDBDB8A1A}
	EndGlobalSection
EndGlobal
